
Microsoft Visual Studio Solution File, Format Version 12.00
# Visual Studio Version 16
VisualStudioVersion = 16.0.30907.101
MinimumVisualStudioVersion = 10.0.40219.1
Project("{FAE04EC0-301F-11D3-BF4B-00C04F79EFBC}") = "WpfTest", "WpfTest\WpfTest.csproj", "{995EB32C-FCE0-4AAD-A818-B2DD5E7ED0C2}"
EndProject
Global
	GlobalSection(SolutionConfigurationPlatforms) = preSolution
		Debug|Any CPU = Debug|Any CPU
		Release|Any CPU = Release|Any CPU
	EndGlobalSection
	GlobalSection(ProjectConfigurationPlatforms) = postSolution
		{995EB32C-FCE0-4AAD-A818-B2DD5E7ED0C2}.Debug|Any CPU.ActiveCfg = Debug|Any CPU
		{995EB32C-FCE0-4AAD-A818-B2DD5E7ED0C2}.Debug|Any CPU.Build.0 = Debug|Any CPU
		{995EB32C-FCE0-4AAD-A818-B2DD5E7ED0C2}.Release|Any CPU.ActiveCfg = Release|Any CPU
		{995EB32C-FCE0-4AAD-A818-B2DD5E7ED0C2}.Release|Any CPU.Build.0 = Release|Any CPU
	EndGlobalSection
	GlobalSection(SolutionProperties) = preSolution
		HideSolutionNode = FALSE
	EndGlobalSection
	GlobalSection(ExtensibilityGlobals) = postSolution
		SolutionGuid = {7A59C6A1-9972-4EEB-9E0F-920113C514FB}
	EndGlobalSection
EndGlobal
